
Microsoft Visual Studio Solution File, Format Version 12.00
# Visual Studio 14
VisualStudioVersion = 14.0.25420.1
MinimumVisualStudioVersion = 10.0.40219.1
Project("{FAE04EC0-301F-11D3-BF4B-00C04F79EFBC}") = "OxHack.Inventory.MobileClient.Droid", "OxHack.Inventory.MobileClient\OxHack.Inventory.MobileClient.Droid\OxHack.Inventory.MobileClient.Droid.csproj", "{B4604FF5-32B4-42D8-997F-2403EE6D584B}"
EndProject
Project("{FAE04EC0-301F-11D3-BF4B-00C04F79EFBC}") = "OxHack.Inventory.MobileClient.iOS", "OxHack.Inventory.MobileClient\OxHack.Inventory.MobileClient.iOS\OxHack.Inventory.MobileClient.iOS.csproj", "{470BE53D-77D7-4F55-AEFD-F95593C3E778}"
EndProject
Project("{FAE04EC0-301F-11D3-BF4B-00C04F79EFBC}") = "OxHack.Inventory.MobileClient.WinPhone", "OxHack.Inventory.MobileClient\OxHack.Inventory.MobileClient.WinPhone\OxHack.Inventory.MobileClient.WinPhone.csproj", "{BB6FF348-31EE-4DC6-A1C5-271BC1B79ADB}"
EndProject
Project("{FAE04EC0-301F-11D3-BF4B-00C04F79EFBC}") = "OxHack.Inventory.MobileClient.UWP", "OxHack.Inventory.MobileClient\OxHack.Inventory.MobileClient.UWP\OxHack.Inventory.MobileClient.UWP.csproj", "{80B12D7F-E480-46B3-9152-03A5459E06A2}"
EndProject
Project("{FAE04EC0-301F-11D3-BF4B-00C04F79EFBC}") = "OxHack.Inventory.MobileClient.Windows", "OxHack.Inventory.MobileClient\OxHack.Inventory.MobileClient.Windows\OxHack.Inventory.MobileClient.Windows.csproj", "{197954D8-C06F-4F3E-831D-14B06CF9C448}"
EndProject
Project("{FAE04EC0-301F-11D3-BF4B-00C04F79EFBC}") = "OxHack.Inventory.MobileClient", "OxHack.Inventory.MobileClient\OxHack.Inventory.MobileClient\OxHack.Inventory.MobileClient.csproj", "{EB1EE489-C02D-4A02-853D-4C011748F18A}"
EndProject
Project("{2150E333-8FDC-42A3-9474-1A3956D46DE8}") = "Platform Clients", "Platform Clients", "{E9CF3A50-EF71-40A5-82A7-112F9834E8CB}"
EndProject
Project("{FAE04EC0-301F-11D3-BF4B-00C04F79EFBC}") = "OxHack.Inventory.ApiClient", "OxHack.Inventory.ApiClient\OxHack.Inventory.ApiClient.csproj", "{F1D7A7AF-DF86-4BE4-A27F-D355D12951C7}"
EndProject
Global
	GlobalSection(SolutionConfigurationPlatforms) = preSolution
		Ad-Hoc|Any CPU = Ad-Hoc|Any CPU
		Ad-Hoc|ARM = Ad-Hoc|ARM
		Ad-Hoc|iPhone = Ad-Hoc|iPhone
		Ad-Hoc|iPhoneSimulator = Ad-Hoc|iPhoneSimulator
		Ad-Hoc|x64 = Ad-Hoc|x64
		Ad-Hoc|x86 = Ad-Hoc|x86
		AppStore|Any CPU = AppStore|Any CPU
		AppStore|ARM = AppStore|ARM
		AppStore|iPhone = AppStore|iPhone
		AppStore|iPhoneSimulator = AppStore|iPhoneSimulator
		AppStore|x64 = AppStore|x64
		AppStore|x86 = AppStore|x86
		Debug|Any CPU = Debug|Any CPU
		Debug|ARM = Debug|ARM
		Debug|iPhone = Debug|iPhone
		Debug|iPhoneSimulator = Debug|iPhoneSimulator
		Debug|x64 = Debug|x64
		Debug|x86 = Debug|x86
		Release|Any CPU = Release|Any CPU
		Release|ARM = Release|ARM
		Release|iPhone = Release|iPhone
		Release|iPhoneSimulator = Release|iPhoneSimulator
		Release|x64 = Release|x64
		Release|x86 = Release|x86
	EndGlobalSection
	GlobalSection(ProjectConfigurationPlatforms) = postSolution
		{B4604FF5-32B4-42D8-997F-2403EE6D584B}.Ad-Hoc|Any CPU.ActiveCfg = Release|Any CPU
		{B4604FF5-32B4-42D8-997F-2403EE6D584B}.Ad-Hoc|Any CPU.Build.0 = Release|Any CPU
		{B4604FF5-32B4-42D8-997F-2403EE6D584B}.Ad-Hoc|Any CPU.Deploy.0 = Release|Any CPU
		{B4604FF5-32B4-42D8-997F-2403EE6D584B}.Ad-Hoc|ARM.ActiveCfg = Release|Any CPU
		{B4604FF5-32B4-42D8-997F-2403EE6D584B}.Ad-Hoc|ARM.Build.0 = Release|Any CPU
		{B4604FF5-32B4-42D8-997F-2403EE6D584B}.Ad-Hoc|ARM.Deploy.0 = Release|Any CPU
		{B4604FF5-32B4-42D8-997F-2403EE6D584B}.Ad-Hoc|iPhone.ActiveCfg = Release|Any CPU
		{B4604FF5-32B4-42D8-997F-2403EE6D584B}.Ad-Hoc|iPhone.Build.0 = Release|Any CPU
		{B4604FF5-32B4-42D8-997F-2403EE6D584B}.Ad-Hoc|iPhone.Deploy.0 = Release|Any CPU
		{B4604FF5-32B4-42D8-997F-2403EE6D584B}.Ad-Hoc|iPhoneSimulator.ActiveCfg = Release|Any CPU
		{B4604FF5-32B4-42D8-997F-2403EE6D584B}.Ad-Hoc|iPhoneSimulator.Build.0 = Release|Any CPU
		{B4604FF5-32B4-42D8-997F-2403EE6D584B}.Ad-Hoc|iPhoneSimulator.Deploy.0 = Release|Any CPU
		{B4604FF5-32B4-42D8-997F-2403EE6D584B}.Ad-Hoc|x64.ActiveCfg = Release|Any CPU
		{B4604FF5-32B4-42D8-997F-2403EE6D584B}.Ad-Hoc|x64.Build.0 = Release|Any CPU
		{B4604FF5-32B4-42D8-997F-2403EE6D584B}.Ad-Hoc|x64.Deploy.0 = Release|Any CPU
		{B4604FF5-32B4-42D8-997F-2403EE6D584B}.Ad-Hoc|x86.ActiveCfg = Release|Any CPU
		{B4604FF5-32B4-42D8-997F-2403EE6D584B}.Ad-Hoc|x86.Build.0 = Release|Any CPU
		{B4604FF5-32B4-42D8-997F-2403EE6D584B}.Ad-Hoc|x86.Deploy.0 = Release|Any CPU
		{B4604FF5-32B4-42D8-997F-2403EE6D584B}.AppStore|Any CPU.ActiveCfg = Release|Any CPU
		{B4604FF5-32B4-42D8-997F-2403EE6D584B}.AppStore|Any CPU.Build.0 = Release|Any CPU
		{B4604FF5-32B4-42D8-997F-2403EE6D584B}.AppStore|Any CPU.Deploy.0 = Release|Any CPU
		{B4604FF5-32B4-42D8-997F-2403EE6D584B}.AppStore|ARM.ActiveCfg = Release|Any CPU
		{B4604FF5-32B4-42D8-997F-2403EE6D584B}.AppStore|ARM.Build.0 = Release|Any CPU
		{B4604FF5-32B4-42D8-997F-2403EE6D584B}.AppStore|ARM.Deploy.0 = Release|Any CPU
		{B4604FF5-32B4-42D8-997F-2403EE6D584B}.AppStore|iPhone.ActiveCfg = Release|Any CPU
		{B4604FF5-32B4-42D8-997F-2403EE6D584B}.AppStore|iPhone.Build.0 = Release|Any CPU
		{B4604FF5-32B4-42D8-997F-2403EE6D584B}.AppStore|iPhone.Deploy.0 = Release|Any CPU
		{B4604FF5-32B4-42D8-997F-2403EE6D584B}.AppStore|iPhoneSimulator.ActiveCfg = Release|Any CPU
		{B4604FF5-32B4-42D8-997F-2403EE6D584B}.AppStore|iPhoneSimulator.Build.0 = Release|Any CPU
		{B4604FF5-32B4-42D8-997F-2403EE6D584B}.AppStore|iPhoneSimulator.Deploy.0 = Release|Any CPU
		{B4604FF5-32B4-42D8-997F-2403EE6D584B}.AppStore|x64.ActiveCfg = Release|Any CPU
		{B4604FF5-32B4-42D8-997F-2403EE6D584B}.AppStore|x64.Build.0 = Release|Any CPU
		{B4604FF5-32B4-42D8-997F-2403EE6D584B}.AppStore|x64.Deploy.0 = Release|Any CPU
		{B4604FF5-32B4-42D8-997F-2403EE6D584B}.AppStore|x86.ActiveCfg = Release|Any CPU
		{B4604FF5-32B4-42D8-997F-2403EE6D584B}.AppStore|x86.Build.0 = Release|Any CPU
		{B4604FF5-32B4-42D8-997F-2403EE6D584B}.AppStore|x86.Deploy.0 = Release|Any CPU
		{B4604FF5-32B4-42D8-997F-2403EE6D584B}.Debug|Any CPU.ActiveCfg = Debug|Any CPU
		{B4604FF5-32B4-42D8-997F-2403EE6D584B}.Debug|Any CPU.Build.0 = Debug|Any CPU
		{B4604FF5-32B4-42D8-997F-2403EE6D584B}.Debug|Any CPU.Deploy.0 = Debug|Any CPU
		{B4604FF5-32B4-42D8-997F-2403EE6D584B}.Debug|ARM.ActiveCfg = Debug|Any CPU
		{B4604FF5-32B4-42D8-997F-2403EE6D584B}.Debug|ARM.Build.0 = Debug|Any CPU
		{B4604FF5-32B4-42D8-997F-2403EE6D584B}.Debug|ARM.Deploy.0 = Debug|Any CPU
		{B4604FF5-32B4-42D8-997F-2403EE6D584B}.Debug|iPhone.ActiveCfg = Debug|Any CPU
		{B4604FF5-32B4-42D8-997F-2403EE6D584B}.Debug|iPhone.Build.0 = Debug|Any CPU
		{B4604FF5-32B4-42D8-997F-2403EE6D584B}.Debug|iPhone.Deploy.0 = Debug|Any CPU
		{B4604FF5-32B4-42D8-997F-2403EE6D584B}.Debug|iPhoneSimulator.ActiveCfg = Debug|Any CPU
		{B4604FF5-32B4-42D8-997F-2403EE6D584B}.Debug|iPhoneSimulator.Build.0 = Debug|Any CPU
		{B4604FF5-32B4-42D8-997F-2403EE6D584B}.Debug|iPhoneSimulator.Deploy.0 = Debug|Any CPU
		{B4604FF5-32B4-42D8-997F-2403EE6D584B}.Debug|x64.ActiveCfg = Debug|Any CPU
		{B4604FF5-32B4-42D8-997F-2403EE6D584B}.Debug|x64.Build.0 = Debug|Any CPU
		{B4604FF5-32B4-42D8-997F-2403EE6D584B}.Debug|x64.Deploy.0 = Debug|Any CPU
		{B4604FF5-32B4-42D8-997F-2403EE6D584B}.Debug|x86.ActiveCfg = Debug|Any CPU
		{B4604FF5-32B4-42D8-997F-2403EE6D584B}.Debug|x86.Build.0 = Debug|Any CPU
		{B4604FF5-32B4-42D8-997F-2403EE6D584B}.Debug|x86.Deploy.0 = Debug|Any CPU
		{B4604FF5-32B4-42D8-997F-2403EE6D584B}.Release|Any CPU.ActiveCfg = Release|Any CPU
		{B4604FF5-32B4-42D8-997F-2403EE6D584B}.Release|Any CPU.Build.0 = Release|Any CPU
		{B4604FF5-32B4-42D8-997F-2403EE6D584B}.Release|Any CPU.Deploy.0 = Release|Any CPU
		{B4604FF5-32B4-42D8-997F-2403EE6D584B}.Release|ARM.ActiveCfg = Release|Any CPU
		{B4604FF5-32B4-42D8-997F-2403EE6D584B}.Release|ARM.Build.0 = Release|Any CPU
		{B4604FF5-32B4-42D8-997F-2403EE6D584B}.Release|ARM.Deploy.0 = Release|Any CPU
		{B4604FF5-32B4-42D8-997F-2403EE6D584B}.Release|iPhone.ActiveCfg = Release|Any CPU
		{B4604FF5-32B4-42D8-997F-2403EE6D584B}.Release|iPhone.Build.0 = Release|Any CPU
		{B4604FF5-32B4-42D8-997F-2403EE6D584B}.Release|iPhone.Deploy.0 = Release|Any CPU
		{B4604FF5-32B4-42D8-997F-2403EE6D584B}.Release|iPhoneSimulator.ActiveCfg = Release|Any CPU
		{B4604FF5-32B4-42D8-997F-2403EE6D584B}.Release|iPhoneSimulator.Build.0 = Release|Any CPU
		{B4604FF5-32B4-42D8-997F-2403EE6D584B}.Release|iPhoneSimulator.Deploy.0 = Release|Any CPU
		{B4604FF5-32B4-42D8-997F-2403EE6D584B}.Release|x64.ActiveCfg = Release|Any CPU
		{B4604FF5-32B4-42D8-997F-2403EE6D584B}.Release|x64.Build.0 = Release|Any CPU
		{B4604FF5-32B4-42D8-997F-2403EE6D584B}.Release|x64.Deploy.0 = Release|Any CPU
		{B4604FF5-32B4-42D8-997F-2403EE6D584B}.Release|x86.ActiveCfg = Release|Any CPU
		{B4604FF5-32B4-42D8-997F-2403EE6D584B}.Release|x86.Build.0 = Release|Any CPU
		{B4604FF5-32B4-42D8-997F-2403EE6D584B}.Release|x86.Deploy.0 = Release|Any CPU
		{470BE53D-77D7-4F55-AEFD-F95593C3E778}.Ad-Hoc|Any CPU.ActiveCfg = Ad-Hoc|iPhone
		{470BE53D-77D7-4F55-AEFD-F95593C3E778}.Ad-Hoc|ARM.ActiveCfg = Ad-Hoc|iPhone
		{470BE53D-77D7-4F55-AEFD-F95593C3E778}.Ad-Hoc|iPhone.ActiveCfg = Ad-Hoc|iPhone
		{470BE53D-77D7-4F55-AEFD-F95593C3E778}.Ad-Hoc|iPhone.Build.0 = Ad-Hoc|iPhone
		{470BE53D-77D7-4F55-AEFD-F95593C3E778}.Ad-Hoc|iPhoneSimulator.ActiveCfg = Ad-Hoc|iPhoneSimulator
		{470BE53D-77D7-4F55-AEFD-F95593C3E778}.Ad-Hoc|iPhoneSimulator.Build.0 = Ad-Hoc|iPhoneSimulator
		{470BE53D-77D7-4F55-AEFD-F95593C3E778}.Ad-Hoc|x64.ActiveCfg = Ad-Hoc|iPhone
		{470BE53D-77D7-4F55-AEFD-F95593C3E778}.Ad-Hoc|x86.ActiveCfg = Ad-Hoc|iPhone
		{470BE53D-77D7-4F55-AEFD-F95593C3E778}.AppStore|Any CPU.ActiveCfg = AppStore|iPhone
		{470BE53D-77D7-4F55-AEFD-F95593C3E778}.AppStore|ARM.ActiveCfg = AppStore|iPhone
		{470BE53D-77D7-4F55-AEFD-F95593C3E778}.AppStore|iPhone.ActiveCfg = AppStore|iPhone
		{470BE53D-77D7-4F55-AEFD-F95593C3E778}.AppStore|iPhone.Build.0 = AppStore|iPhone
		{470BE53D-77D7-4F55-AEFD-F95593C3E778}.AppStore|iPhoneSimulator.ActiveCfg = AppStore|iPhoneSimulator
		{470BE53D-77D7-4F55-AEFD-F95593C3E778}.AppStore|iPhoneSimulator.Build.0 = AppStore|iPhoneSimulator
		{470BE53D-77D7-4F55-AEFD-F95593C3E778}.AppStore|x64.ActiveCfg = AppStore|iPhone
		{470BE53D-77D7-4F55-AEFD-F95593C3E778}.AppStore|x86.ActiveCfg = AppStore|iPhone
		{470BE53D-77D7-4F55-AEFD-F95593C3E778}.Debug|Any CPU.ActiveCfg = Debug|iPhoneSimulator
		{470BE53D-77D7-4F55-AEFD-F95593C3E778}.Debug|Any CPU.Build.0 = Debug|iPhoneSimulator
		{470BE53D-77D7-4F55-AEFD-F95593C3E778}.Debug|ARM.ActiveCfg = Debug|iPhone
		{470BE53D-77D7-4F55-AEFD-F95593C3E778}.Debug|iPhone.ActiveCfg = Debug|iPhone
		{470BE53D-77D7-4F55-AEFD-F95593C3E778}.Debug|iPhone.Build.0 = Debug|iPhone
		{470BE53D-77D7-4F55-AEFD-F95593C3E778}.Debug|iPhoneSimulator.ActiveCfg = Debug|iPhoneSimulator
		{470BE53D-77D7-4F55-AEFD-F95593C3E778}.Debug|iPhoneSimulator.Build.0 = Debug|iPhoneSimulator
		{470BE53D-77D7-4F55-AEFD-F95593C3E778}.Debug|x64.ActiveCfg = Debug|iPhone
		{470BE53D-77D7-4F55-AEFD-F95593C3E778}.Debug|x86.ActiveCfg = Debug|iPhone
		{470BE53D-77D7-4F55-AEFD-F95593C3E778}.Release|Any CPU.ActiveCfg = Release|iPhone
		{470BE53D-77D7-4F55-AEFD-F95593C3E778}.Release|ARM.ActiveCfg = Release|iPhone
		{470BE53D-77D7-4F55-AEFD-F95593C3E778}.Release|iPhone.ActiveCfg = Release|iPhone
		{470BE53D-77D7-4F55-AEFD-F95593C3E778}.Release|iPhone.Build.0 = Release|iPhone
		{470BE53D-77D7-4F55-AEFD-F95593C3E778}.Release|iPhoneSimulator.ActiveCfg = Release|iPhoneSimulator
		{470BE53D-77D7-4F55-AEFD-F95593C3E778}.Release|iPhoneSimulator.Build.0 = Release|iPhoneSimulator
		{470BE53D-77D7-4F55-AEFD-F95593C3E778}.Release|x64.ActiveCfg = Release|iPhone
		{470BE53D-77D7-4F55-AEFD-F95593C3E778}.Release|x86.ActiveCfg = Release|iPhone
		{BB6FF348-31EE-4DC6-A1C5-271BC1B79ADB}.Ad-Hoc|Any CPU.ActiveCfg = Release|Any CPU
		{BB6FF348-31EE-4DC6-A1C5-271BC1B79ADB}.Ad-Hoc|Any CPU.Build.0 = Release|Any CPU
		{BB6FF348-31EE-4DC6-A1C5-271BC1B79ADB}.Ad-Hoc|Any CPU.Deploy.0 = Release|Any CPU
		{BB6FF348-31EE-4DC6-A1C5-271BC1B79ADB}.Ad-Hoc|ARM.ActiveCfg = Release|ARM
		{BB6FF348-31EE-4DC6-A1C5-271BC1B79ADB}.Ad-Hoc|ARM.Build.0 = Release|ARM
		{BB6FF348-31EE-4DC6-A1C5-271BC1B79ADB}.Ad-Hoc|ARM.Deploy.0 = Release|ARM
		{BB6FF348-31EE-4DC6-A1C5-271BC1B79ADB}.Ad-Hoc|iPhone.ActiveCfg = Release|Any CPU
		{BB6FF348-31EE-4DC6-A1C5-271BC1B79ADB}.Ad-Hoc|iPhone.Build.0 = Release|Any CPU
		{BB6FF348-31EE-4DC6-A1C5-271BC1B79ADB}.Ad-Hoc|iPhone.Deploy.0 = Release|Any CPU
		{BB6FF348-31EE-4DC6-A1C5-271BC1B79ADB}.Ad-Hoc|iPhoneSimulator.ActiveCfg = Release|Any CPU
		{BB6FF348-31EE-4DC6-A1C5-271BC1B79ADB}.Ad-Hoc|iPhoneSimulator.Build.0 = Release|Any CPU
		{BB6FF348-31EE-4DC6-A1C5-271BC1B79ADB}.Ad-Hoc|iPhoneSimulator.Deploy.0 = Release|Any CPU
		{BB6FF348-31EE-4DC6-A1C5-271BC1B79ADB}.Ad-Hoc|x64.ActiveCfg = Release|Any CPU
		{BB6FF348-31EE-4DC6-A1C5-271BC1B79ADB}.Ad-Hoc|x64.Build.0 = Release|Any CPU
		{BB6FF348-31EE-4DC6-A1C5-271BC1B79ADB}.Ad-Hoc|x64.Deploy.0 = Release|Any CPU
		{BB6FF348-31EE-4DC6-A1C5-271BC1B79ADB}.Ad-Hoc|x86.ActiveCfg = Release|x86
		{BB6FF348-31EE-4DC6-A1C5-271BC1B79ADB}.Ad-Hoc|x86.Build.0 = Release|x86
		{BB6FF348-31EE-4DC6-A1C5-271BC1B79ADB}.Ad-Hoc|x86.Deploy.0 = Release|x86
		{BB6FF348-31EE-4DC6-A1C5-271BC1B79ADB}.AppStore|Any CPU.ActiveCfg = Release|Any CPU
		{BB6FF348-31EE-4DC6-A1C5-271BC1B79ADB}.AppStore|Any CPU.Build.0 = Release|Any CPU
		{BB6FF348-31EE-4DC6-A1C5-271BC1B79ADB}.AppStore|Any CPU.Deploy.0 = Release|Any CPU
		{BB6FF348-31EE-4DC6-A1C5-271BC1B79ADB}.AppStore|ARM.ActiveCfg = Release|ARM
		{BB6FF348-31EE-4DC6-A1C5-271BC1B79ADB}.AppStore|ARM.Build.0 = Release|ARM
		{BB6FF348-31EE-4DC6-A1C5-271BC1B79ADB}.AppStore|ARM.Deploy.0 = Release|ARM
		{BB6FF348-31EE-4DC6-A1C5-271BC1B79ADB}.AppStore|iPhone.ActiveCfg = Release|Any CPU
		{BB6FF348-31EE-4DC6-A1C5-271BC1B79ADB}.AppStore|iPhone.Build.0 = Release|Any CPU
		{BB6FF348-31EE-4DC6-A1C5-271BC1B79ADB}.AppStore|iPhone.Deploy.0 = Release|Any CPU
		{BB6FF348-31EE-4DC6-A1C5-271BC1B79ADB}.AppStore|iPhoneSimulator.ActiveCfg = Release|Any CPU
		{BB6FF348-31EE-4DC6-A1C5-271BC1B79ADB}.AppStore|iPhoneSimulator.Build.0 = Release|Any CPU
		{BB6FF348-31EE-4DC6-A1C5-271BC1B79ADB}.AppStore|iPhoneSimulator.Deploy.0 = Release|Any CPU
		{BB6FF348-31EE-4DC6-A1C5-271BC1B79ADB}.AppStore|x64.ActiveCfg = Release|Any CPU
		{BB6FF348-31EE-4DC6-A1C5-271BC1B79ADB}.AppStore|x64.Build.0 = Release|Any CPU
		{BB6FF348-31EE-4DC6-A1C5-271BC1B79ADB}.AppStore|x64.Deploy.0 = Release|Any CPU
		{BB6FF348-31EE-4DC6-A1C5-271BC1B79ADB}.AppStore|x86.ActiveCfg = Release|x86
		{BB6FF348-31EE-4DC6-A1C5-271BC1B79ADB}.AppStore|x86.Build.0 = Release|x86
		{BB6FF348-31EE-4DC6-A1C5-271BC1B79ADB}.AppStore|x86.Deploy.0 = Release|x86
		{BB6FF348-31EE-4DC6-A1C5-271BC1B79ADB}.Debug|Any CPU.ActiveCfg = Debug|Any CPU
		{BB6FF348-31EE-4DC6-A1C5-271BC1B79ADB}.Debug|Any CPU.Build.0 = Debug|Any CPU
		{BB6FF348-31EE-4DC6-A1C5-271BC1B79ADB}.Debug|ARM.ActiveCfg = Debug|ARM
		{BB6FF348-31EE-4DC6-A1C5-271BC1B79ADB}.Debug|ARM.Build.0 = Debug|ARM
		{BB6FF348-31EE-4DC6-A1C5-271BC1B79ADB}.Debug|ARM.Deploy.0 = Debug|ARM
		{BB6FF348-31EE-4DC6-A1C5-271BC1B79ADB}.Debug|iPhone.ActiveCfg = Debug|Any CPU
		{BB6FF348-31EE-4DC6-A1C5-271BC1B79ADB}.Debug|iPhone.Build.0 = Debug|Any CPU
		{BB6FF348-31EE-4DC6-A1C5-271BC1B79ADB}.Debug|iPhone.Deploy.0 = Debug|Any CPU
		{BB6FF348-31EE-4DC6-A1C5-271BC1B79ADB}.Debug|iPhoneSimulator.ActiveCfg = Debug|Any CPU
		{BB6FF348-31EE-4DC6-A1C5-271BC1B79ADB}.Debug|iPhoneSimulator.Build.0 = Debug|Any CPU
		{BB6FF348-31EE-4DC6-A1C5-271BC1B79ADB}.Debug|iPhoneSimulator.Deploy.0 = Debug|Any CPU
		{BB6FF348-31EE-4DC6-A1C5-271BC1B79ADB}.Debug|x64.ActiveCfg = Debug|Any CPU
		{BB6FF348-31EE-4DC6-A1C5-271BC1B79ADB}.Debug|x64.Build.0 = Debug|Any CPU
		{BB6FF348-31EE-4DC6-A1C5-271BC1B79ADB}.Debug|x64.Deploy.0 = Debug|Any CPU
		{BB6FF348-31EE-4DC6-A1C5-271BC1B79ADB}.Debug|x86.ActiveCfg = Debug|x86
		{BB6FF348-31EE-4DC6-A1C5-271BC1B79ADB}.Debug|x86.Build.0 = Debug|x86
		{BB6FF348-31EE-4DC6-A1C5-271BC1B79ADB}.Debug|x86.Deploy.0 = Debug|x86
		{BB6FF348-31EE-4DC6-A1C5-271BC1B79ADB}.Release|Any CPU.ActiveCfg = Release|Any CPU
		{BB6FF348-31EE-4DC6-A1C5-271BC1B79ADB}.Release|Any CPU.Build.0 = Release|Any CPU
		{BB6FF348-31EE-4DC6-A1C5-271BC1B79ADB}.Release|Any CPU.Deploy.0 = Release|Any CPU
		{BB6FF348-31EE-4DC6-A1C5-271BC1B79ADB}.Release|ARM.ActiveCfg = Release|ARM
		{BB6FF348-31EE-4DC6-A1C5-271BC1B79ADB}.Release|ARM.Build.0 = Release|ARM
		{BB6FF348-31EE-4DC6-A1C5-271BC1B79ADB}.Release|ARM.Deploy.0 = Release|ARM
		{BB6FF348-31EE-4DC6-A1C5-271BC1B79ADB}.Release|iPhone.ActiveCfg = Release|Any CPU
		{BB6FF348-31EE-4DC6-A1C5-271BC1B79ADB}.Release|iPhone.Build.0 = Release|Any CPU
		{BB6FF348-31EE-4DC6-A1C5-271BC1B79ADB}.Release|iPhone.Deploy.0 = Release|Any CPU
		{BB6FF348-31EE-4DC6-A1C5-271BC1B79ADB}.Release|iPhoneSimulator.ActiveCfg = Release|Any CPU
		{BB6FF348-31EE-4DC6-A1C5-271BC1B79ADB}.Release|iPhoneSimulator.Build.0 = Release|Any CPU
		{BB6FF348-31EE-4DC6-A1C5-271BC1B79ADB}.Release|iPhoneSimulator.Deploy.0 = Release|Any CPU
		{BB6FF348-31EE-4DC6-A1C5-271BC1B79ADB}.Release|x64.ActiveCfg = Release|Any CPU
		{BB6FF348-31EE-4DC6-A1C5-271BC1B79ADB}.Release|x64.Build.0 = Release|Any CPU
		{BB6FF348-31EE-4DC6-A1C5-271BC1B79ADB}.Release|x64.Deploy.0 = Release|Any CPU
		{BB6FF348-31EE-4DC6-A1C5-271BC1B79ADB}.Release|x86.ActiveCfg = Release|x86
		{BB6FF348-31EE-4DC6-A1C5-271BC1B79ADB}.Release|x86.Build.0 = Release|x86
		{BB6FF348-31EE-4DC6-A1C5-271BC1B79ADB}.Release|x86.Deploy.0 = Release|x86
		{80B12D7F-E480-46B3-9152-03A5459E06A2}.Ad-Hoc|Any CPU.ActiveCfg = Release|x86
		{80B12D7F-E480-46B3-9152-03A5459E06A2}.Ad-Hoc|Any CPU.Build.0 = Release|x86
		{80B12D7F-E480-46B3-9152-03A5459E06A2}.Ad-Hoc|Any CPU.Deploy.0 = Release|x86
		{80B12D7F-E480-46B3-9152-03A5459E06A2}.Ad-Hoc|ARM.ActiveCfg = Release|ARM
		{80B12D7F-E480-46B3-9152-03A5459E06A2}.Ad-Hoc|ARM.Build.0 = Release|ARM
		{80B12D7F-E480-46B3-9152-03A5459E06A2}.Ad-Hoc|ARM.Deploy.0 = Release|ARM
		{80B12D7F-E480-46B3-9152-03A5459E06A2}.Ad-Hoc|iPhone.ActiveCfg = Release|x86
		{80B12D7F-E480-46B3-9152-03A5459E06A2}.Ad-Hoc|iPhone.Build.0 = Release|x86
		{80B12D7F-E480-46B3-9152-03A5459E06A2}.Ad-Hoc|iPhone.Deploy.0 = Release|x86
		{80B12D7F-E480-46B3-9152-03A5459E06A2}.Ad-Hoc|iPhoneSimulator.ActiveCfg = Release|x86
		{80B12D7F-E480-46B3-9152-03A5459E06A2}.Ad-Hoc|iPhoneSimulator.Build.0 = Release|x86
		{80B12D7F-E480-46B3-9152-03A5459E06A2}.Ad-Hoc|iPhoneSimulator.Deploy.0 = Release|x86
		{80B12D7F-E480-46B3-9152-03A5459E06A2}.Ad-Hoc|x64.ActiveCfg = Release|x64
		{80B12D7F-E480-46B3-9152-03A5459E06A2}.Ad-Hoc|x64.Build.0 = Release|x64
		{80B12D7F-E480-46B3-9152-03A5459E06A2}.Ad-Hoc|x64.Deploy.0 = Release|x64
		{80B12D7F-E480-46B3-9152-03A5459E06A2}.Ad-Hoc|x86.ActiveCfg = Release|x86
		{80B12D7F-E480-46B3-9152-03A5459E06A2}.Ad-Hoc|x86.Build.0 = Release|x86
		{80B12D7F-E480-46B3-9152-03A5459E06A2}.Ad-Hoc|x86.Deploy.0 = Release|x86
		{80B12D7F-E480-46B3-9152-03A5459E06A2}.AppStore|Any CPU.ActiveCfg = Release|x86
		{80B12D7F-E480-46B3-9152-03A5459E06A2}.AppStore|Any CPU.Build.0 = Release|x86
		{80B12D7F-E480-46B3-9152-03A5459E06A2}.AppStore|Any CPU.Deploy.0 = Release|x86
		{80B12D7F-E480-46B3-9152-03A5459E06A2}.AppStore|ARM.ActiveCfg = Release|ARM
		{80B12D7F-E480-46B3-9152-03A5459E06A2}.AppStore|ARM.Build.0 = Release|ARM
		{80B12D7F-E480-46B3-9152-03A5459E06A2}.AppStore|ARM.Deploy.0 = Release|ARM
		{80B12D7F-E480-46B3-9152-03A5459E06A2}.AppStore|iPhone.ActiveCfg = Release|x86
		{80B12D7F-E480-46B3-9152-03A5459E06A2}.AppStore|iPhone.Build.0 = Release|x86
		{80B12D7F-E480-46B3-9152-03A5459E06A2}.AppStore|iPhone.Deploy.0 = Release|x86
		{80B12D7F-E480-46B3-9152-03A5459E06A2}.AppStore|iPhoneSimulator.ActiveCfg = Release|x86
		{80B12D7F-E480-46B3-9152-03A5459E06A2}.AppStore|iPhoneSimulator.Build.0 = Release|x86
		{80B12D7F-E480-46B3-9152-03A5459E06A2}.AppStore|iPhoneSimulator.Deploy.0 = Release|x86
		{80B12D7F-E480-46B3-9152-03A5459E06A2}.AppStore|x64.ActiveCfg = Release|x64
		{80B12D7F-E480-46B3-9152-03A5459E06A2}.AppStore|x64.Build.0 = Release|x64
		{80B12D7F-E480-46B3-9152-03A5459E06A2}.AppStore|x64.Deploy.0 = Release|x64
		{80B12D7F-E480-46B3-9152-03A5459E06A2}.AppStore|x86.ActiveCfg = Release|x86
		{80B12D7F-E480-46B3-9152-03A5459E06A2}.AppStore|x86.Build.0 = Release|x86
		{80B12D7F-E480-46B3-9152-03A5459E06A2}.AppStore|x86.Deploy.0 = Release|x86
		{80B12D7F-E480-46B3-9152-03A5459E06A2}.Debug|Any CPU.ActiveCfg = Debug|x86
		{80B12D7F-E480-46B3-9152-03A5459E06A2}.Debug|Any CPU.Build.0 = Debug|x86
		{80B12D7F-E480-46B3-9152-03A5459E06A2}.Debug|Any CPU.Deploy.0 = Debug|x86
		{80B12D7F-E480-46B3-9152-03A5459E06A2}.Debug|ARM.ActiveCfg = Debug|ARM
		{80B12D7F-E480-46B3-9152-03A5459E06A2}.Debug|ARM.Build.0 = Debug|ARM
		{80B12D7F-E480-46B3-9152-03A5459E06A2}.Debug|ARM.Deploy.0 = Debug|ARM
		{80B12D7F-E480-46B3-9152-03A5459E06A2}.Debug|iPhone.ActiveCfg = Debug|x86
		{80B12D7F-E480-46B3-9152-03A5459E06A2}.Debug|iPhoneSimulator.ActiveCfg = Debug|x86
		{80B12D7F-E480-46B3-9152-03A5459E06A2}.Debug|x64.ActiveCfg = Debug|x64
		{80B12D7F-E480-46B3-9152-03A5459E06A2}.Debug|x64.Build.0 = Debug|x64
		{80B12D7F-E480-46B3-9152-03A5459E06A2}.Debug|x64.Deploy.0 = Debug|x64
		{80B12D7F-E480-46B3-9152-03A5459E06A2}.Debug|x86.ActiveCfg = Debug|x86
		{80B12D7F-E480-46B3-9152-03A5459E06A2}.Debug|x86.Build.0 = Debug|x86
		{80B12D7F-E480-46B3-9152-03A5459E06A2}.Debug|x86.Deploy.0 = Debug|x86
		{80B12D7F-E480-46B3-9152-03A5459E06A2}.Release|Any CPU.ActiveCfg = Release|x86
		{80B12D7F-E480-46B3-9152-03A5459E06A2}.Release|Any CPU.Deploy.0 = Release|x86
		{80B12D7F-E480-46B3-9152-03A5459E06A2}.Release|ARM.ActiveCfg = Release|ARM
		{80B12D7F-E480-46B3-9152-03A5459E06A2}.Release|ARM.Build.0 = Release|ARM
		{80B12D7F-E480-46B3-9152-03A5459E06A2}.Release|ARM.Deploy.0 = Release|ARM
		{80B12D7F-E480-46B3-9152-03A5459E06A2}.Release|iPhone.ActiveCfg = Release|x86
		{80B12D7F-E480-46B3-9152-03A5459E06A2}.Release|iPhoneSimulator.ActiveCfg = Release|x86
		{80B12D7F-E480-46B3-9152-03A5459E06A2}.Release|x64.ActiveCfg = Release|x64
		{80B12D7F-E480-46B3-9152-03A5459E06A2}.Release|x64.Build.0 = Release|x64
		{80B12D7F-E480-46B3-9152-03A5459E06A2}.Release|x64.Deploy.0 = Release|x64
		{80B12D7F-E480-46B3-9152-03A5459E06A2}.Release|x86.ActiveCfg = Release|x86
		{80B12D7F-E480-46B3-9152-03A5459E06A2}.Release|x86.Build.0 = Release|x86
		{80B12D7F-E480-46B3-9152-03A5459E06A2}.Release|x86.Deploy.0 = Release|x86
		{197954D8-C06F-4F3E-831D-14B06CF9C448}.Ad-Hoc|Any CPU.ActiveCfg = Release|Any CPU
		{197954D8-C06F-4F3E-831D-14B06CF9C448}.Ad-Hoc|Any CPU.Build.0 = Release|Any CPU
		{197954D8-C06F-4F3E-831D-14B06CF9C448}.Ad-Hoc|Any CPU.Deploy.0 = Release|Any CPU
		{197954D8-C06F-4F3E-831D-14B06CF9C448}.Ad-Hoc|ARM.ActiveCfg = Release|ARM
		{197954D8-C06F-4F3E-831D-14B06CF9C448}.Ad-Hoc|ARM.Build.0 = Release|ARM
		{197954D8-C06F-4F3E-831D-14B06CF9C448}.Ad-Hoc|ARM.Deploy.0 = Release|ARM
		{197954D8-C06F-4F3E-831D-14B06CF9C448}.Ad-Hoc|iPhone.ActiveCfg = Release|Any CPU
		{197954D8-C06F-4F3E-831D-14B06CF9C448}.Ad-Hoc|iPhone.Build.0 = Release|Any CPU
		{197954D8-C06F-4F3E-831D-14B06CF9C448}.Ad-Hoc|iPhone.Deploy.0 = Release|Any CPU
		{197954D8-C06F-4F3E-831D-14B06CF9C448}.Ad-Hoc|iPhoneSimulator.ActiveCfg = Release|Any CPU
		{197954D8-C06F-4F3E-831D-14B06CF9C448}.Ad-Hoc|iPhoneSimulator.Build.0 = Release|Any CPU
		{197954D8-C06F-4F3E-831D-14B06CF9C448}.Ad-Hoc|iPhoneSimulator.Deploy.0 = Release|Any CPU
		{197954D8-C06F-4F3E-831D-14B06CF9C448}.Ad-Hoc|x64.ActiveCfg = Release|x64
		{197954D8-C06F-4F3E-831D-14B06CF9C448}.Ad-Hoc|x64.Build.0 = Release|x64
		{197954D8-C06F-4F3E-831D-14B06CF9C448}.Ad-Hoc|x64.Deploy.0 = Release|x64
		{197954D8-C06F-4F3E-831D-14B06CF9C448}.Ad-Hoc|x86.ActiveCfg = Release|x86
		{197954D8-C06F-4F3E-831D-14B06CF9C448}.Ad-Hoc|x86.Build.0 = Release|x86
		{197954D8-C06F-4F3E-831D-14B06CF9C448}.Ad-Hoc|x86.Deploy.0 = Release|x86
		{197954D8-C06F-4F3E-831D-14B06CF9C448}.AppStore|Any CPU.ActiveCfg = Release|Any CPU
		{197954D8-C06F-4F3E-831D-14B06CF9C448}.AppStore|Any CPU.Build.0 = Release|Any CPU
		{197954D8-C06F-4F3E-831D-14B06CF9C448}.AppStore|Any CPU.Deploy.0 = Release|Any CPU
		{197954D8-C06F-4F3E-831D-14B06CF9C448}.AppStore|ARM.ActiveCfg = Release|ARM
		{197954D8-C06F-4F3E-831D-14B06CF9C448}.AppStore|ARM.Build.0 = Release|ARM
		{197954D8-C06F-4F3E-831D-14B06CF9C448}.AppStore|ARM.Deploy.0 = Release|ARM
		{197954D8-C06F-4F3E-831D-14B06CF9C448}.AppStore|iPhone.ActiveCfg = Release|Any CPU
		{197954D8-C06F-4F3E-831D-14B06CF9C448}.AppStore|iPhone.Build.0 = Release|Any CPU
		{197954D8-C06F-4F3E-831D-14B06CF9C448}.AppStore|iPhone.Deploy.0 = Release|Any CPU
		{197954D8-C06F-4F3E-831D-14B06CF9C448}.AppStore|iPhoneSimulator.ActiveCfg = Release|Any CPU
		{197954D8-C06F-4F3E-831D-14B06CF9C448}.AppStore|iPhoneSimulator.Build.0 = Release|Any CPU
		{197954D8-C06F-4F3E-831D-14B06CF9C448}.AppStore|iPhoneSimulator.Deploy.0 = Release|Any CPU
		{197954D8-C06F-4F3E-831D-14B06CF9C448}.AppStore|x64.ActiveCfg = Release|x64
		{197954D8-C06F-4F3E-831D-14B06CF9C448}.AppStore|x64.Build.0 = Release|x64
		{197954D8-C06F-4F3E-831D-14B06CF9C448}.AppStore|x64.Deploy.0 = Release|x64
		{197954D8-C06F-4F3E-831D-14B06CF9C448}.AppStore|x86.ActiveCfg = Release|x86
		{197954D8-C06F-4F3E-831D-14B06CF9C448}.AppStore|x86.Build.0 = Release|x86
		{197954D8-C06F-4F3E-831D-14B06CF9C448}.AppStore|x86.Deploy.0 = Release|x86
		{197954D8-C06F-4F3E-831D-14B06CF9C448}.Debug|Any CPU.ActiveCfg = Debug|Any CPU
		{197954D8-C06F-4F3E-831D-14B06CF9C448}.Debug|Any CPU.Build.0 = Debug|Any CPU
		{197954D8-C06F-4F3E-831D-14B06CF9C448}.Debug|Any CPU.Deploy.0 = Debug|Any CPU
		{197954D8-C06F-4F3E-831D-14B06CF9C448}.Debug|ARM.ActiveCfg = Debug|ARM
		{197954D8-C06F-4F3E-831D-14B06CF9C448}.Debug|ARM.Build.0 = Debug|ARM
		{197954D8-C06F-4F3E-831D-14B06CF9C448}.Debug|ARM.Deploy.0 = Debug|ARM
		{197954D8-C06F-4F3E-831D-14B06CF9C448}.Debug|iPhone.ActiveCfg = Debug|Any CPU
		{197954D8-C06F-4F3E-831D-14B06CF9C448}.Debug|iPhone.Build.0 = Debug|Any CPU
		{197954D8-C06F-4F3E-831D-14B06CF9C448}.Debug|iPhone.Deploy.0 = Debug|Any CPU
		{197954D8-C06F-4F3E-831D-14B06CF9C448}.Debug|iPhoneSimulator.ActiveCfg = Debug|Any CPU
		{197954D8-C06F-4F3E-831D-14B06CF9C448}.Debug|iPhoneSimulator.Build.0 = Debug|Any CPU
		{197954D8-C06F-4F3E-831D-14B06CF9C448}.Debug|iPhoneSimulator.Deploy.0 = Debug|Any CPU
		{197954D8-C06F-4F3E-831D-14B06CF9C448}.Debug|x64.ActiveCfg = Debug|x64
		{197954D8-C06F-4F3E-831D-14B06CF9C448}.Debug|x64.Build.0 = Debug|x64
		{197954D8-C06F-4F3E-831D-14B06CF9C448}.Debug|x64.Deploy.0 = Debug|x64
		{197954D8-C06F-4F3E-831D-14B06CF9C448}.Debug|x86.ActiveCfg = Debug|x86
		{197954D8-C06F-4F3E-831D-14B06CF9C448}.Debug|x86.Build.0 = Debug|x86
		{197954D8-C06F-4F3E-831D-14B06CF9C448}.Debug|x86.Deploy.0 = Debug|x86
		{197954D8-C06F-4F3E-831D-14B06CF9C448}.Release|Any CPU.ActiveCfg = Release|Any CPU
		{197954D8-C06F-4F3E-831D-14B06CF9C448}.Release|Any CPU.Build.0 = Release|Any CPU
		{197954D8-C06F-4F3E-831D-14B06CF9C448}.Release|Any CPU.Deploy.0 = Release|Any CPU
		{197954D8-C06F-4F3E-831D-14B06CF9C448}.Release|ARM.ActiveCfg = Release|ARM
		{197954D8-C06F-4F3E-831D-14B06CF9C448}.Release|ARM.Build.0 = Release|ARM
		{197954D8-C06F-4F3E-831D-14B06CF9C448}.Release|ARM.Deploy.0 = Release|ARM
		{197954D8-C06F-4F3E-831D-14B06CF9C448}.Release|iPhone.ActiveCfg = Release|Any CPU
		{197954D8-C06F-4F3E-831D-14B06CF9C448}.Release|iPhone.Build.0 = Release|Any CPU
		{197954D8-C06F-4F3E-831D-14B06CF9C448}.Release|iPhone.Deploy.0 = Release|Any CPU
		{197954D8-C06F-4F3E-831D-14B06CF9C448}.Release|iPhoneSimulator.ActiveCfg = Release|Any CPU
		{197954D8-C06F-4F3E-831D-14B06CF9C448}.Release|iPhoneSimulator.Build.0 = Release|Any CPU
		{197954D8-C06F-4F3E-831D-14B06CF9C448}.Release|iPhoneSimulator.Deploy.0 = Release|Any CPU
		{197954D8-C06F-4F3E-831D-14B06CF9C448}.Release|x64.ActiveCfg = Release|x64
		{197954D8-C06F-4F3E-831D-14B06CF9C448}.Release|x64.Build.0 = Release|x64
		{197954D8-C06F-4F3E-831D-14B06CF9C448}.Release|x64.Deploy.0 = Release|x64
		{197954D8-C06F-4F3E-831D-14B06CF9C448}.Release|x86.ActiveCfg = Release|x86
		{197954D8-C06F-4F3E-831D-14B06CF9C448}.Release|x86.Build.0 = Release|x86
		{197954D8-C06F-4F3E-831D-14B06CF9C448}.Release|x86.Deploy.0 = Release|x86
		{EB1EE489-C02D-4A02-853D-4C011748F18A}.Ad-Hoc|Any CPU.ActiveCfg = Release|Any CPU
		{EB1EE489-C02D-4A02-853D-4C011748F18A}.Ad-Hoc|Any CPU.Build.0 = Release|Any CPU
		{EB1EE489-C02D-4A02-853D-4C011748F18A}.Ad-Hoc|ARM.ActiveCfg = Release|Any CPU
		{EB1EE489-C02D-4A02-853D-4C011748F18A}.Ad-Hoc|ARM.Build.0 = Release|Any CPU
		{EB1EE489-C02D-4A02-853D-4C011748F18A}.Ad-Hoc|iPhone.ActiveCfg = Release|Any CPU
		{EB1EE489-C02D-4A02-853D-4C011748F18A}.Ad-Hoc|iPhone.Build.0 = Release|Any CPU
		{EB1EE489-C02D-4A02-853D-4C011748F18A}.Ad-Hoc|iPhoneSimulator.ActiveCfg = Release|Any CPU
		{EB1EE489-C02D-4A02-853D-4C011748F18A}.Ad-Hoc|iPhoneSimulator.Build.0 = Release|Any CPU
		{EB1EE489-C02D-4A02-853D-4C011748F18A}.Ad-Hoc|x64.ActiveCfg = Release|Any CPU
		{EB1EE489-C02D-4A02-853D-4C011748F18A}.Ad-Hoc|x64.Build.0 = Release|Any CPU
		{EB1EE489-C02D-4A02-853D-4C011748F18A}.Ad-Hoc|x86.ActiveCfg = Release|Any CPU
		{EB1EE489-C02D-4A02-853D-4C011748F18A}.Ad-Hoc|x86.Build.0 = Release|Any CPU
		{EB1EE489-C02D-4A02-853D-4C011748F18A}.AppStore|Any CPU.ActiveCfg = Release|Any CPU
		{EB1EE489-C02D-4A02-853D-4C011748F18A}.AppStore|Any CPU.Build.0 = Release|Any CPU
		{EB1EE489-C02D-4A02-853D-4C011748F18A}.AppStore|ARM.ActiveCfg = Release|Any CPU
		{EB1EE489-C02D-4A02-853D-4C011748F18A}.AppStore|ARM.Build.0 = Release|Any CPU
		{EB1EE489-C02D-4A02-853D-4C011748F18A}.AppStore|iPhone.ActiveCfg = Release|Any CPU
		{EB1EE489-C02D-4A02-853D-4C011748F18A}.AppStore|iPhone.Build.0 = Release|Any CPU
		{EB1EE489-C02D-4A02-853D-4C011748F18A}.AppStore|iPhoneSimulator.ActiveCfg = Release|Any CPU
		{EB1EE489-C02D-4A02-853D-4C011748F18A}.AppStore|iPhoneSimulator.Build.0 = Release|Any CPU
		{EB1EE489-C02D-4A02-853D-4C011748F18A}.AppStore|x64.ActiveCfg = Release|Any CPU
		{EB1EE489-C02D-4A02-853D-4C011748F18A}.AppStore|x64.Build.0 = Release|Any CPU
		{EB1EE489-C02D-4A02-853D-4C011748F18A}.AppStore|x86.ActiveCfg = Release|Any CPU
		{EB1EE489-C02D-4A02-853D-4C011748F18A}.AppStore|x86.Build.0 = Release|Any CPU
		{EB1EE489-C02D-4A02-853D-4C011748F18A}.Debug|Any CPU.ActiveCfg = Debug|Any CPU
		{EB1EE489-C02D-4A02-853D-4C011748F18A}.Debug|Any CPU.Build.0 = Debug|Any CPU
		{EB1EE489-C02D-4A02-853D-4C011748F18A}.Debug|ARM.ActiveCfg = Debug|Any CPU
		{EB1EE489-C02D-4A02-853D-4C011748F18A}.Debug|ARM.Build.0 = Debug|Any CPU
		{EB1EE489-C02D-4A02-853D-4C011748F18A}.Debug|iPhone.ActiveCfg = Debug|Any CPU
		{EB1EE489-C02D-4A02-853D-4C011748F18A}.Debug|iPhone.Build.0 = Debug|Any CPU
		{EB1EE489-C02D-4A02-853D-4C011748F18A}.Debug|iPhoneSimulator.ActiveCfg = Debug|Any CPU
		{EB1EE489-C02D-4A02-853D-4C011748F18A}.Debug|iPhoneSimulator.Build.0 = Debug|Any CPU
		{EB1EE489-C02D-4A02-853D-4C011748F18A}.Debug|x64.ActiveCfg = Debug|Any CPU
		{EB1EE489-C02D-4A02-853D-4C011748F18A}.Debug|x64.Build.0 = Debug|Any CPU
		{EB1EE489-C02D-4A02-853D-4C011748F18A}.Debug|x86.ActiveCfg = Debug|Any CPU
		{EB1EE489-C02D-4A02-853D-4C011748F18A}.Debug|x86.Build.0 = Debug|Any CPU
		{EB1EE489-C02D-4A02-853D-4C011748F18A}.Release|Any CPU.ActiveCfg = Release|Any CPU
		{EB1EE489-C02D-4A02-853D-4C011748F18A}.Release|Any CPU.Build.0 = Release|Any CPU
		{EB1EE489-C02D-4A02-853D-4C011748F18A}.Release|ARM.ActiveCfg = Release|Any CPU
		{EB1EE489-C02D-4A02-853D-4C011748F18A}.Release|ARM.Build.0 = Release|Any CPU
		{EB1EE489-C02D-4A02-853D-4C011748F18A}.Release|iPhone.ActiveCfg = Release|Any CPU
		{EB1EE489-C02D-4A02-853D-4C011748F18A}.Release|iPhone.Build.0 = Release|Any CPU
		{EB1EE489-C02D-4A02-853D-4C011748F18A}.Release|iPhoneSimulator.ActiveCfg = Release|Any CPU
		{EB1EE489-C02D-4A02-853D-4C011748F18A}.Release|iPhoneSimulator.Build.0 = Release|Any CPU
		{EB1EE489-C02D-4A02-853D-4C011748F18A}.Release|x64.ActiveCfg = Release|Any CPU
		{EB1EE489-C02D-4A02-853D-4C011748F18A}.Release|x64.Build.0 = Release|Any CPU
		{EB1EE489-C02D-4A02-853D-4C011748F18A}.Release|x86.ActiveCfg = Release|Any CPU
		{EB1EE489-C02D-4A02-853D-4C011748F18A}.Release|x86.Build.0 = Release|Any CPU
		{F1D7A7AF-DF86-4BE4-A27F-D355D12951C7}.Ad-Hoc|Any CPU.ActiveCfg = Release|Any CPU
		{F1D7A7AF-DF86-4BE4-A27F-D355D12951C7}.Ad-Hoc|Any CPU.Build.0 = Release|Any CPU
		{F1D7A7AF-DF86-4BE4-A27F-D355D12951C7}.Ad-Hoc|ARM.ActiveCfg = Release|Any CPU
		{F1D7A7AF-DF86-4BE4-A27F-D355D12951C7}.Ad-Hoc|ARM.Build.0 = Release|Any CPU
		{F1D7A7AF-DF86-4BE4-A27F-D355D12951C7}.Ad-Hoc|iPhone.ActiveCfg = Release|Any CPU
		{F1D7A7AF-DF86-4BE4-A27F-D355D12951C7}.Ad-Hoc|iPhone.Build.0 = Release|Any CPU
		{F1D7A7AF-DF86-4BE4-A27F-D355D12951C7}.Ad-Hoc|iPhoneSimulator.ActiveCfg = Release|Any CPU
		{F1D7A7AF-DF86-4BE4-A27F-D355D12951C7}.Ad-Hoc|iPhoneSimulator.Build.0 = Release|Any CPU
		{F1D7A7AF-DF86-4BE4-A27F-D355D12951C7}.Ad-Hoc|x64.ActiveCfg = Release|Any CPU
		{F1D7A7AF-DF86-4BE4-A27F-D355D12951C7}.Ad-Hoc|x64.Build.0 = Release|Any CPU
		{F1D7A7AF-DF86-4BE4-A27F-D355D12951C7}.Ad-Hoc|x86.ActiveCfg = Release|Any CPU
		{F1D7A7AF-DF86-4BE4-A27F-D355D12951C7}.Ad-Hoc|x86.Build.0 = Release|Any CPU
		{F1D7A7AF-DF86-4BE4-A27F-D355D12951C7}.AppStore|Any CPU.ActiveCfg = Release|Any CPU
		{F1D7A7AF-DF86-4BE4-A27F-D355D12951C7}.AppStore|Any CPU.Build.0 = Release|Any CPU
		{F1D7A7AF-DF86-4BE4-A27F-D355D12951C7}.AppStore|ARM.ActiveCfg = Release|Any CPU
		{F1D7A7AF-DF86-4BE4-A27F-D355D12951C7}.AppStore|ARM.Build.0 = Release|Any CPU
		{F1D7A7AF-DF86-4BE4-A27F-D355D12951C7}.AppStore|iPhone.ActiveCfg = Release|Any CPU
		{F1D7A7AF-DF86-4BE4-A27F-D355D12951C7}.AppStore|iPhone.Build.0 = Release|Any CPU
		{F1D7A7AF-DF86-4BE4-A27F-D355D12951C7}.AppStore|iPhoneSimulator.ActiveCfg = Release|Any CPU
		{F1D7A7AF-DF86-4BE4-A27F-D355D12951C7}.AppStore|iPhoneSimulator.Build.0 = Release|Any CPU
		{F1D7A7AF-DF86-4BE4-A27F-D355D12951C7}.AppStore|x64.ActiveCfg = Release|Any CPU
		{F1D7A7AF-DF86-4BE4-A27F-D355D12951C7}.AppStore|x64.Build.0 = Release|Any CPU
		{F1D7A7AF-DF86-4BE4-A27F-D355D12951C7}.AppStore|x86.ActiveCfg = Release|Any CPU
		{F1D7A7AF-DF86-4BE4-A27F-D355D12951C7}.AppStore|x86.Build.0 = Release|Any CPU
		{F1D7A7AF-DF86-4BE4-A27F-D355D12951C7}.Debug|Any CPU.ActiveCfg = Debug|Any CPU
		{F1D7A7AF-DF86-4BE4-A27F-D355D12951C7}.Debug|Any CPU.Build.0 = Debug|Any CPU
		{F1D7A7AF-DF86-4BE4-A27F-D355D12951C7}.Debug|ARM.ActiveCfg = Debug|Any CPU
		{F1D7A7AF-DF86-4BE4-A27F-D355D12951C7}.Debug|ARM.Build.0 = Debug|Any CPU
		{F1D7A7AF-DF86-4BE4-A27F-D355D12951C7}.Debug|iPhone.ActiveCfg = Debug|Any CPU
		{F1D7A7AF-DF86-4BE4-A27F-D355D12951C7}.Debug|iPhone.Build.0 = Debug|Any CPU
		{F1D7A7AF-DF86-4BE4-A27F-D355D12951C7}.Debug|iPhoneSimulator.ActiveCfg = Debug|Any CPU
		{F1D7A7AF-DF86-4BE4-A27F-D355D12951C7}.Debug|iPhoneSimulator.Build.0 = Debug|Any CPU
		{F1D7A7AF-DF86-4BE4-A27F-D355D12951C7}.Debug|x64.ActiveCfg = Debug|Any CPU
		{F1D7A7AF-DF86-4BE4-A27F-D355D12951C7}.Debug|x64.Build.0 = Debug|Any CPU
		{F1D7A7AF-DF86-4BE4-A27F-D355D12951C7}.Debug|x86.ActiveCfg = Debug|Any CPU
		{F1D7A7AF-DF86-4BE4-A27F-D355D12951C7}.Debug|x86.Build.0 = Debug|Any CPU
		{F1D7A7AF-DF86-4BE4-A27F-D355D12951C7}.Release|Any CPU.ActiveCfg = Release|Any CPU
		{F1D7A7AF-DF86-4BE4-A27F-D355D12951C7}.Release|Any CPU.Build.0 = Release|Any CPU
		{F1D7A7AF-DF86-4BE4-A27F-D355D12951C7}.Release|ARM.ActiveCfg = Release|Any CPU
		{F1D7A7AF-DF86-4BE4-A27F-D355D12951C7}.Release|ARM.Build.0 = Release|Any CPU
		{F1D7A7AF-DF86-4BE4-A27F-D355D12951C7}.Release|iPhone.ActiveCfg = Release|Any CPU
		{F1D7A7AF-DF86-4BE4-A27F-D355D12951C7}.Release|iPhone.Build.0 = Release|Any CPU
		{F1D7A7AF-DF86-4BE4-A27F-D355D12951C7}.Release|iPhoneSimulator.ActiveCfg = Release|Any CPU
		{F1D7A7AF-DF86-4BE4-A27F-D355D12951C7}.Release|iPhoneSimulator.Build.0 = Release|Any CPU
		{F1D7A7AF-DF86-4BE4-A27F-D355D12951C7}.Release|x64.ActiveCfg = Release|Any CPU
		{F1D7A7AF-DF86-4BE4-A27F-D355D12951C7}.Release|x64.Build.0 = Release|Any CPU
		{F1D7A7AF-DF86-4BE4-A27F-D355D12951C7}.Release|x86.ActiveCfg = Release|Any CPU
		{F1D7A7AF-DF86-4BE4-A27F-D355D12951C7}.Release|x86.Build.0 = Release|Any CPU
	EndGlobalSection
	GlobalSection(SolutionProperties) = preSolution
		HideSolutionNode = FALSE
	EndGlobalSection
	GlobalSection(NestedProjects) = preSolution
		{B4604FF5-32B4-42D8-997F-2403EE6D584B} = {E9CF3A50-EF71-40A5-82A7-112F9834E8CB}
		{470BE53D-77D7-4F55-AEFD-F95593C3E778} = {E9CF3A50-EF71-40A5-82A7-112F9834E8CB}
		{BB6FF348-31EE-4DC6-A1C5-271BC1B79ADB} = {E9CF3A50-EF71-40A5-82A7-112F9834E8CB}
		{80B12D7F-E480-46B3-9152-03A5459E06A2} = {E9CF3A50-EF71-40A5-82A7-112F9834E8CB}
		{197954D8-C06F-4F3E-831D-14B06CF9C448} = {E9CF3A50-EF71-40A5-82A7-112F9834E8CB}
	EndGlobalSection
EndGlobal
